
Microsoft Visual Studio Solution File, Format Version 12.00
# Visual Studio Version 17
VisualStudioVersion = 17.6.33829.357
MinimumVisualStudioVersion = 10.0.40219.1
Project("{FAE04EC0-301F-11D3-BF4B-00C04F79EFBC}") = "university_7b", "university_7b\university_7b.csproj", "{CF3C7254-3A10-44FA-B893-2220BE8C6078}"
EndProject
Global
	GlobalSection(SolutionConfigurationPlatforms) = preSolution
		Debug|Any CPU = Debug|Any CPU
		Release|Any CPU = Release|Any CPU
	EndGlobalSection
	GlobalSection(ProjectConfigurationPlatforms) = postSolution
		{CF3C7254-3A10-44FA-B893-2220BE8C6078}.Debug|Any CPU.ActiveCfg = Debug|Any CPU
		{CF3C7254-3A10-44FA-B893-2220BE8C6078}.Debug|Any CPU.Build.0 = Debug|Any CPU
		{CF3C7254-3A10-44FA-B893-2220BE8C6078}.Release|Any CPU.ActiveCfg = Release|Any CPU
		{CF3C7254-3A10-44FA-B893-2220BE8C6078}.Release|Any CPU.Build.0 = Release|Any CPU
	EndGlobalSection
	GlobalSection(SolutionProperties) = preSolution
		HideSolutionNode = FALSE
	EndGlobalSection
	GlobalSection(ExtensibilityGlobals) = postSolution
		SolutionGuid = {517DEAA4-5BBE-4D8E-A1C8-A031A72B09B6}
	EndGlobalSection
EndGlobal
