
Microsoft Visual Studio Solution File, Format Version 12.00
# Visual Studio Version 17
VisualStudioVersion = 17.6.33829.357
MinimumVisualStudioVersion = 10.0.40219.1
Project("{FAE04EC0-301F-11D3-BF4B-00C04F79EFBC}") = "unviersity_8a", "unviersity_8a\unviersity_8a.csproj", "{ED0456AC-452D-4E96-9BC5-97407AC6B987}"
EndProject
Global
	GlobalSection(SolutionConfigurationPlatforms) = preSolution
		Debug|Any CPU = Debug|Any CPU
		Release|Any CPU = Release|Any CPU
	EndGlobalSection
	GlobalSection(ProjectConfigurationPlatforms) = postSolution
		{ED0456AC-452D-4E96-9BC5-97407AC6B987}.Debug|Any CPU.ActiveCfg = Debug|Any CPU
		{ED0456AC-452D-4E96-9BC5-97407AC6B987}.Debug|Any CPU.Build.0 = Debug|Any CPU
		{ED0456AC-452D-4E96-9BC5-97407AC6B987}.Release|Any CPU.ActiveCfg = Release|Any CPU
		{ED0456AC-452D-4E96-9BC5-97407AC6B987}.Release|Any CPU.Build.0 = Release|Any CPU
	EndGlobalSection
	GlobalSection(SolutionProperties) = preSolution
		HideSolutionNode = FALSE
	EndGlobalSection
	GlobalSection(ExtensibilityGlobals) = postSolution
		SolutionGuid = {8C0C3C25-A207-4D63-BA33-BC22963ED8B8}
	EndGlobalSection
EndGlobal
